// !$*UTF8*$!
{
	archiveVersion = 1;
	classes = {
	};
	objectVersion = 56;
	objects = {

/* Begin PBXBuildFile section */
		9B08F9552BFB61CD0071542F /* NetworkManager.swift in Sources */ = {isa = PBXBuildFile; fileRef = 9B08F9542BFB61CD0071542F /* NetworkManager.swift */; };
		9B08F9572BFB64580071542F /* WikiModel.swift in Sources */ = {isa = PBXBuildFile; fileRef = 9B08F9562BFB64580071542F /* WikiModel.swift */; };
		9BF4438D2BEE5CDE001081EB /* AppDelegate.swift in Sources */ = {isa = PBXBuildFile; fileRef = 9BF4438C2BEE5CDE001081EB /* AppDelegate.swift */; };
		9BF4438F2BEE5CDE001081EB /* SceneDelegate.swift in Sources */ = {isa = PBXBuildFile; fileRef = 9BF4438E2BEE5CDE001081EB /* SceneDelegate.swift */; };
		9BF443912BEE5CDE001081EB /* ViewController.swift in Sources */ = {isa = PBXBuildFile; fileRef = 9BF443902BEE5CDE001081EB /* ViewController.swift */; };
		9BF443942BEE5CDE001081EB /* Base in Resources */ = {isa = PBXBuildFile; fileRef = 9BF443932BEE5CDE001081EB /* Base */; };
		9BF443962BEE5CDF001081EB /* Assets.xcassets in Resources */ = {isa = PBXBuildFile; fileRef = 9BF443952BEE5CDF001081EB /* Assets.xcassets */; };
		9BF443992BEE5CDF001081EB /* Base in Resources */ = {isa = PBXBuildFile; fileRef = 9BF443982BEE5CDF001081EB /* Base */; };
		9BF443A12BEE5D0E001081EB /* MobileNetV2.mlmodel in Sources */ = {isa = PBXBuildFile; fileRef = 9BF443A02BEE5D0E001081EB /* MobileNetV2.mlmodel */; };
		D66279F1AE2394028D75ED8F /* Pods_PanopticAI.framework in Frameworks */ = {isa = PBXBuildFile; fileRef = B73248AC6D4DC3EE34D6892F /* Pods_PanopticAI.framework */; };
/* End PBXBuildFile section */

/* Begin PBXFileReference section */
		33B1C8A3C78C6E0B75EAFEC6 /* Pods-PanopticAI.debug.xcconfig */ = {isa = PBXFileReference; includeInIndex = 1; lastKnownFileType = text.xcconfig; name = "Pods-PanopticAI.debug.xcconfig"; path = "Target Support Files/Pods-PanopticAI/Pods-PanopticAI.debug.xcconfig"; sourceTree = "<group>"; };
		5DD56C5FB106737280F5B813 /* Pods-PanopticAI.release.xcconfig */ = {isa = PBXFileReference; includeInIndex = 1; lastKnownFileType = text.xcconfig; name = "Pods-PanopticAI.release.xcconfig"; path = "Target Support Files/Pods-PanopticAI/Pods-PanopticAI.release.xcconfig"; sourceTree = "<group>"; };
		9B08F9542BFB61CD0071542F /* NetworkManager.swift */ = {isa = PBXFileReference; lastKnownFileType = sourcecode.swift; path = NetworkManager.swift; sourceTree = "<group>"; };
		9B08F9562BFB64580071542F /* WikiModel.swift */ = {isa = PBXFileReference; lastKnownFileType = sourcecode.swift; path = WikiModel.swift; sourceTree = "<group>"; };
		9BF443892BEE5CDE001081EB /* PanopticAI.app */ = {isa = PBXFileReference; explicitFileType = wrapper.application; includeInIndex = 0; path = PanopticAI.app; sourceTree = BUILT_PRODUCTS_DIR; };
		9BF4438C2BEE5CDE001081EB /* AppDelegate.swift */ = {isa = PBXFileReference; lastKnownFileType = sourcecode.swift; path = AppDelegate.swift; sourceTree = "<group>"; };
		9BF4438E2BEE5CDE001081EB /* SceneDelegate.swift */ = {isa = PBXFileReference; lastKnownFileType = sourcecode.swift; path = SceneDelegate.swift; sourceTree = "<group>"; };
		9BF443902BEE5CDE001081EB /* ViewController.swift */ = {isa = PBXFileReference; lastKnownFileType = sourcecode.swift; path = ViewController.swift; sourceTree = "<group>"; };
		9BF443932BEE5CDE001081EB /* Base */ = {isa = PBXFileReference; lastKnownFileType = file.storyboard; name = Base; path = Base.lproj/Main.storyboard; sourceTree = "<group>"; };
		9BF443952BEE5CDF001081EB /* Assets.xcassets */ = {isa = PBXFileReference; lastKnownFileType = folder.assetcatalog; path = Assets.xcassets; sourceTree = "<group>"; };
		9BF443982BEE5CDF001081EB /* Base */ = {isa = PBXFileReference; lastKnownFileType = file.storyboard; name = Base; path = Base.lproj/LaunchScreen.storyboard; sourceTree = "<group>"; };
		9BF4439A2BEE5CDF001081EB /* Info.plist */ = {isa = PBXFileReference; lastKnownFileType = text.plist.xml; path = Info.plist; sourceTree = "<group>"; };
		9BF443A02BEE5D0E001081EB /* MobileNetV2.mlmodel */ = {isa = PBXFileReference; lastKnownFileType = file.mlmodel; path = MobileNetV2.mlmodel; sourceTree = "<group>"; };
		B73248AC6D4DC3EE34D6892F /* Pods_PanopticAI.framework */ = {isa = PBXFileReference; explicitFileType = wrapper.framework; includeInIndex = 0; path = Pods_PanopticAI.framework; sourceTree = BUILT_PRODUCTS_DIR; };
/* End PBXFileReference section */

/* Begin PBXFrameworksBuildPhase section */
		9BF443862BEE5CDE001081EB /* Frameworks */ = {
			isa = PBXFrameworksBuildPhase;
			buildActionMask = 2147483647;
			files = (
				D66279F1AE2394028D75ED8F /* Pods_PanopticAI.framework in Frameworks */,
			);
			runOnlyForDeploymentPostprocessing = 0;
		};
/* End PBXFrameworksBuildPhase section */

/* Begin PBXGroup section */
		1621D0D3C6AE7226C0859317 /* Frameworks */ = {
			isa = PBXGroup;
			children = (
				B73248AC6D4DC3EE34D6892F /* Pods_PanopticAI.framework */,
			);
			name = Frameworks;
			sourceTree = "<group>";
		};
		74AFAD3EBEDEE9437B4E8E9E /* Pods */ = {
			isa = PBXGroup;
			children = (
				33B1C8A3C78C6E0B75EAFEC6 /* Pods-PanopticAI.debug.xcconfig */,
				5DD56C5FB106737280F5B813 /* Pods-PanopticAI.release.xcconfig */,
			);
			path = Pods;
			sourceTree = "<group>";
		};
		9B08F9582BFB82870071542F /* Controller */ = {
			isa = PBXGroup;
			children = (
				9BF443902BEE5CDE001081EB /* ViewController.swift */,
			);
			path = Controller;
			sourceTree = "<group>";
		};
		9B08F9592BFB82970071542F /* Model */ = {
			isa = PBXGroup;
			children = (
				9B08F9562BFB64580071542F /* WikiModel.swift */,
			);
			path = Model;
			sourceTree = "<group>";
		};
		9B08F95A2BFB82A50071542F /* View */ = {
			isa = PBXGroup;
			children = (
				9BF443972BEE5CDF001081EB /* LaunchScreen.storyboard */,
				9BF443922BEE5CDE001081EB /* Main.storyboard */,
			);
			path = View;
			sourceTree = "<group>";
		};
		9B08F95B2BFB82B70071542F /* Supporting Files */ = {
			isa = PBXGroup;
			children = (
				9BF4438E2BEE5CDE001081EB /* SceneDelegate.swift */,
				9BF4438C2BEE5CDE001081EB /* AppDelegate.swift */,
				9B08F9542BFB61CD0071542F /* NetworkManager.swift */,
				9BF443A02BEE5D0E001081EB /* MobileNetV2.mlmodel */,
			);
			path = "Supporting Files";
			sourceTree = "<group>";
		};
		9BF443802BEE5CDE001081EB = {
			isa = PBXGroup;
			children = (
				9BF4438B2BEE5CDE001081EB /* PanopticAI */,
				9BF4438A2BEE5CDE001081EB /* Products */,
				74AFAD3EBEDEE9437B4E8E9E /* Pods */,
				1621D0D3C6AE7226C0859317 /* Frameworks */,
			);
			sourceTree = "<group>";
		};
		9BF4438A2BEE5CDE001081EB /* Products */ = {
			isa = PBXGroup;
			children = (
				9BF443892BEE5CDE001081EB /* PanopticAI.app */,
			);
			name = Products;
			sourceTree = "<group>";
		};
		9BF4438B2BEE5CDE001081EB /* PanopticAI */ = {
			isa = PBXGroup;
			children = (
				9B08F95B2BFB82B70071542F /* Supporting Files */,
				9B08F95A2BFB82A50071542F /* View */,
				9B08F9592BFB82970071542F /* Model */,
				9B08F9582BFB82870071542F /* Controller */,
				9BF443952BEE5CDF001081EB /* Assets.xcassets */,
				9BF4439A2BEE5CDF001081EB /* Info.plist */,
			);
			path = PanopticAI;
			sourceTree = "<group>";
		};
/* End PBXGroup section */

/* Begin PBXNativeTarget section */
		9BF443882BEE5CDE001081EB /* PanopticAI */ = {
			isa = PBXNativeTarget;
			buildConfigurationList = 9BF4439D2BEE5CDF001081EB /* Build configuration list for PBXNativeTarget "PanopticAI" */;
			buildPhases = (
				FB5EF6BF94E7D3D3219EF0F1 /* [CP] Check Pods Manifest.lock */,
				9BF443852BEE5CDE001081EB /* Sources */,
				9BF443862BEE5CDE001081EB /* Frameworks */,
				9BF443872BEE5CDE001081EB /* Resources */,
				ADBF3F1534944C4C77964949 /* [CP] Embed Pods Frameworks */,
			);
			buildRules = (
			);
			dependencies = (
			);
			name = PanopticAI;
			productName = PanopticAI;
			productReference = 9BF443892BEE5CDE001081EB /* PanopticAI.app */;
			productType = "com.apple.product-type.application";
		};
/* End PBXNativeTarget section */

/* Begin PBXProject section */
		9BF443812BEE5CDE001081EB /* Project object */ = {
			isa = PBXProject;
			attributes = {
				BuildIndependentTargetsInParallel = 1;
				LastSwiftUpdateCheck = 1530;
				LastUpgradeCheck = 1530;
				TargetAttributes = {
					9BF443882BEE5CDE001081EB = {
						CreatedOnToolsVersion = 15.3;
					};
				};
			};
			buildConfigurationList = 9BF443842BEE5CDE001081EB /* Build configuration list for PBXProject "PanopticAI" */;
			compatibilityVersion = "Xcode 14.0";
			developmentRegion = en;
			hasScannedForEncodings = 0;
			knownRegions = (
				en,
				Base,
			);
			mainGroup = 9BF443802BEE5CDE001081EB;
			productRefGroup = 9BF4438A2BEE5CDE001081EB /* Products */;
			projectDirPath = "";
			projectRoot = "";
			targets = (
				9BF443882BEE5CDE001081EB /* PanopticAI */,
			);
		};
/* End PBXProject section */

/* Begin PBXResourcesBuildPhase section */
		9BF443872BEE5CDE001081EB /* Resources */ = {
			isa = PBXResourcesBuildPhase;
			buildActionMask = 2147483647;
			files = (
				9BF443962BEE5CDF001081EB /* Assets.xcassets in Resources */,
				9BF443992BEE5CDF001081EB /* Base in Resources */,
				9BF443942BEE5CDE001081EB /* Base in Resources */,
			);
			runOnlyForDeploymentPostprocessing = 0;
		};
/* End PBXResourcesBuildPhase section */

/* Begin PBXShellScriptBuildPhase section */
		ADBF3F1534944C4C77964949 /* [CP] Embed Pods Frameworks */ = {
			isa = PBXShellScriptBuildPhase;
			buildActionMask = 2147483647;
			files = (
			);
			inputFileListPaths = (
				"${PODS_ROOT}/Target Support Files/Pods-PanopticAI/Pods-PanopticAI-frameworks-${CONFIGURATION}-input-files.xcfilelist",
			);
			name = "[CP] Embed Pods Frameworks";
			outputFileListPaths = (
				"${PODS_ROOT}/Target Support Files/Pods-PanopticAI/Pods-PanopticAI-frameworks-${CONFIGURATION}-output-files.xcfilelist",
			);
			runOnlyForDeploymentPostprocessing = 0;
			shellPath = /bin/sh;
			shellScript = "\"${PODS_ROOT}/Target Support Files/Pods-PanopticAI/Pods-PanopticAI-frameworks.sh\"\n";
			showEnvVarsInLog = 0;
		};
		FB5EF6BF94E7D3D3219EF0F1 /* [CP] Check Pods Manifest.lock */ = {
			isa = PBXShellScriptBuildPhase;
			buildActionMask = 2147483647;
			files = (
			);
			inputFileListPaths = (
			);
			inputPaths = (
				"${PODS_PODFILE_DIR_PATH}/Podfile.lock",
				"${PODS_ROOT}/Manifest.lock",
			);
			name = "[CP] Check Pods Manifest.lock";
			outputFileListPaths = (
			);
			outputPaths = (
				"$(DERIVED_FILE_DIR)/Pods-PanopticAI-checkManifestLockResult.txt",
			);
			runOnlyForDeploymentPostprocessing = 0;
			shellPath = /bin/sh;
			shellScript = "diff \"${PODS_PODFILE_DIR_PATH}/Podfile.lock\" \"${PODS_ROOT}/Manifest.lock\" > /dev/null\nif [ $? != 0 ] ; then\n    # print error to STDERR\n    echo \"error: The sandbox is not in sync with the Podfile.lock. Run 'pod install' or update your CocoaPods installation.\" >&2\n    exit 1\nfi\n# This output is used by Xcode 'outputs' to avoid re-running this script phase.\necho \"SUCCESS\" > \"${SCRIPT_OUTPUT_FILE_0}\"\n";
			showEnvVarsInLog = 0;
		};
/* End PBXShellScriptBuildPhase section */

/* Begin PBXSourcesBuildPhase section */
		9BF443852BEE5CDE001081EB /* Sources */ = {
			isa = PBXSourcesBuildPhase;
			buildActionMask = 2147483647;
			files = (
				9BF443912BEE5CDE001081EB /* ViewController.swift in Sources */,
				9B08F9572BFB64580071542F /* WikiModel.swift in Sources */,
				9BF4438D2BEE5CDE001081EB /* AppDelegate.swift in Sources */,
				9B08F9552BFB61CD0071542F /* NetworkManager.swift in Sources */,
				9BF443A12BEE5D0E001081EB /* MobileNetV2.mlmodel in Sources */,
				9BF4438F2BEE5CDE001081EB /* SceneDelegate.swift in Sources */,
			);
			runOnlyForDeploymentPostprocessing = 0;
		};
/* End PBXSourcesBuildPhase section */

/* Begin PBXVariantGroup section */
		9BF443922BEE5CDE001081EB /* Main.storyboard */ = {
			isa = PBXVariantGroup;
			children = (
				9BF443932BEE5CDE001081EB /* Base */,
			);
			name = Main.storyboard;
			sourceTree = "<group>";
		};
		9BF443972BEE5CDF001081EB /* LaunchScreen.storyboard */ = {
			isa = PBXVariantGroup;
			children = (
				9BF443982BEE5CDF001081EB /* Base */,
			);
			name = LaunchScreen.storyboard;
			sourceTree = "<group>";
		};
/* End PBXVariantGroup section */

/* Begin XCBuildConfiguration section */
		9BF4439B2BEE5CDF001081EB /* Debug */ = {
			isa = XCBuildConfiguration;
			buildSettings = {
				ALWAYS_SEARCH_USER_PATHS = NO;
				ASSETCATALOG_COMPILER_GENERATE_SWIFT_ASSET_SYMBOL_EXTENSIONS = YES;
				CLANG_ANALYZER_NONNULL = YES;
				CLANG_ANALYZER_NUMBER_OBJECT_CONVERSION = YES_AGGRESSIVE;
				CLANG_CXX_LANGUAGE_STANDARD = "gnu++20";
				CLANG_ENABLE_MODULES = YES;
				CLANG_ENABLE_OBJC_ARC = YES;
				CLANG_ENABLE_OBJC_WEAK = YES;
				CLANG_WARN_BLOCK_CAPTURE_AUTORELEASING = YES;
				CLANG_WARN_BOOL_CONVERSION = YES;
				CLANG_WARN_COMMA = YES;
				CLANG_WARN_CONSTANT_CONVERSION = YES;
				CLANG_WARN_DEPRECATED_OBJC_IMPLEMENTATIONS = YES;
				CLANG_WARN_DIRECT_OBJC_ISA_USAGE = YES_ERROR;
				CLANG_WARN_DOCUMENTATION_COMMENTS = YES;
				CLANG_WARN_EMPTY_BODY = YES;
				CLANG_WARN_ENUM_CONVERSION = YES;
				CLANG_WARN_INFINITE_RECURSION = YES;
				CLANG_WARN_INT_CONVERSION = YES;
				CLANG_WARN_NON_LITERAL_NULL_CONVERSION = YES;
				CLANG_WARN_OBJC_IMPLICIT_RETAIN_SELF = YES;
				CLANG_WARN_OBJC_LITERAL_CONVERSION = YES;
				CLANG_WARN_OBJC_ROOT_CLASS = YES_ERROR;
				CLANG_WARN_QUOTED_INCLUDE_IN_FRAMEWORK_HEADER = YES;
				CLANG_WARN_RANGE_LOOP_ANALYSIS = YES;
				CLANG_WARN_STRICT_PROTOTYPES = YES;
				CLANG_WARN_SUSPICIOUS_MOVE = YES;
				CLANG_WARN_UNGUARDED_AVAILABILITY = YES_AGGRESSIVE;
				CLANG_WARN_UNREACHABLE_CODE = YES;
				CLANG_WARN__DUPLICATE_METHOD_MATCH = YES;
				COPY_PHASE_STRIP = NO;
				DEBUG_INFORMATION_FORMAT = dwarf;
				ENABLE_STRICT_OBJC_MSGSEND = YES;
				ENABLE_TESTABILITY = YES;
				ENABLE_USER_SCRIPT_SANDBOXING = YES;
				GCC_C_LANGUAGE_STANDARD = gnu17;
				GCC_DYNAMIC_NO_PIC = NO;
				GCC_NO_COMMON_BLOCKS = YES;
				GCC_OPTIMIZATION_LEVEL = 0;
				GCC_PREPROCESSOR_DEFINITIONS = (
					"DEBUG=1",
					"$(inherited)",
				);
				GCC_WARN_64_TO_32_BIT_CONVERSION = YES;
				GCC_WARN_ABOUT_RETURN_TYPE = YES_ERROR;
				GCC_WARN_UNDECLARED_SELECTOR = YES;
				GCC_WARN_UNINITIALIZED_AUTOS = YES_AGGRESSIVE;
				GCC_WARN_UNUSED_FUNCTION = YES;
				GCC_WARN_UNUSED_VARIABLE = YES;
				IPHONEOS_DEPLOYMENT_TARGET = 17.4;
				LOCALIZATION_PREFERS_STRING_CATALOGS = YES;
				MTL_ENABLE_DEBUG_INFO = INCLUDE_SOURCE;
				MTL_FAST_MATH = YES;
				ONLY_ACTIVE_ARCH = YES;
				SDKROOT = iphoneos;
				SWIFT_ACTIVE_COMPILATION_CONDITIONS = "DEBUG $(inherited)";
				SWIFT_OPTIMIZATION_LEVEL = "-Onone";
			};
			name = Debug;
		};
		9BF4439C2BEE5CDF001081EB /* Release */ = {
			isa = XCBuildConfiguration;
			buildSettings = {
				ALWAYS_SEARCH_USER_PATHS = NO;
				ASSETCATALOG_COMPILER_GENERATE_SWIFT_ASSET_SYMBOL_EXTENSIONS = YES;
				CLANG_ANALYZER_NONNULL = YES;
				CLANG_ANALYZER_NUMBER_OBJECT_CONVERSION = YES_AGGRESSIVE;
				CLANG_CXX_LANGUAGE_STANDARD = "gnu++20";
				CLANG_ENABLE_MODULES = YES;
				CLANG_ENABLE_OBJC_ARC = YES;
				CLANG_ENABLE_OBJC_WEAK = YES;
				CLANG_WARN_BLOCK_CAPTURE_AUTORELEASING = YES;
				CLANG_WARN_BOOL_CONVERSION = YES;
				CLANG_WARN_COMMA = YES;
				CLANG_WARN_CONSTANT_CONVERSION = YES;
				CLANG_WARN_DEPRECATED_OBJC_IMPLEMENTATIONS = YES;
				CLANG_WARN_DIRECT_OBJC_ISA_USAGE = YES_ERROR;
				CLANG_WARN_DOCUMENTATION_COMMENTS = YES;
				CLANG_WARN_EMPTY_BODY = YES;
				CLANG_WARN_ENUM_CONVERSION = YES;
				CLANG_WARN_INFINITE_RECURSION = YES;
				CLANG_WARN_INT_CONVERSION = YES;
				CLANG_WARN_NON_LITERAL_NULL_CONVERSION = YES;
				CLANG_WARN_OBJC_IMPLICIT_RETAIN_SELF = YES;
				CLANG_WARN_OBJC_LITERAL_CONVERSION = YES;
				CLANG_WARN_OBJC_ROOT_CLASS = YES_ERROR;
				CLANG_WARN_QUOTED_INCLUDE_IN_FRAMEWORK_HEADER = YES;
				CLANG_WARN_RANGE_LOOP_ANALYSIS = YES;
				CLANG_WARN_STRICT_PROTOTYPES = YES;
				CLANG_WARN_SUSPICIOUS_MOVE = YES;
				CLANG_WARN_UNGUARDED_AVAILABILITY = YES_AGGRESSIVE;
				CLANG_WARN_UNREACHABLE_CODE = YES;
				CLANG_WARN__DUPLICATE_METHOD_MATCH = YES;
				COPY_PHASE_STRIP = NO;
				DEBUG_INFORMATION_FORMAT = "dwarf-with-dsym";
				ENABLE_NS_ASSERTIONS = NO;
				ENABLE_STRICT_OBJC_MSGSEND = YES;
				ENABLE_USER_SCRIPT_SANDBOXING = YES;
				GCC_C_LANGUAGE_STANDARD = gnu17;
				GCC_NO_COMMON_BLOCKS = YES;
				GCC_WARN_64_TO_32_BIT_CONVERSION = YES;
				GCC_WARN_ABOUT_RETURN_TYPE = YES_ERROR;
				GCC_WARN_UNDECLARED_SELECTOR = YES;
				GCC_WARN_UNINITIALIZED_AUTOS = YES_AGGRESSIVE;
				GCC_WARN_UNUSED_FUNCTION = YES;
				GCC_WARN_UNUSED_VARIABLE = YES;
				IPHONEOS_DEPLOYMENT_TARGET = 17.4;
				LOCALIZATION_PREFERS_STRING_CATALOGS = YES;
				MTL_ENABLE_DEBUG_INFO = NO;
				MTL_FAST_MATH = YES;
				SDKROOT = iphoneos;
				SWIFT_COMPILATION_MODE = wholemodule;
				VALIDATE_PRODUCT = YES;
			};
			name = Release;
		};
		9BF4439E2BEE5CDF001081EB /* Debug */ = {
			isa = XCBuildConfiguration;
			baseConfigurationReference = 33B1C8A3C78C6E0B75EAFEC6 /* Pods-PanopticAI.debug.xcconfig */;
			buildSettings = {
				ASSETCATALOG_COMPILER_APPICON_NAME = AppIcon;
				ASSETCATALOG_COMPILER_GLOBAL_ACCENT_COLOR_NAME = AccentColor;
				CODE_SIGN_STYLE = Automatic;
				CURRENT_PROJECT_VERSION = 1;
				DEVELOPMENT_TEAM = Q9T822S676;
				ENABLE_USER_SCRIPT_SANDBOXING = NO;
				GENERATE_INFOPLIST_FILE = YES;
				INFOPLIST_FILE = PanopticAI/Info.plist;
				INFOPLIST_KEY_NSCameraUsageDescription = "\"We need access to your camera to get the picture of the object\"";
				INFOPLIST_KEY_UIApplicationSupportsIndirectInputEvents = YES;
				INFOPLIST_KEY_UILaunchStoryboardName = LaunchScreen;
				INFOPLIST_KEY_UIMainStoryboardFile = Main;
				INFOPLIST_KEY_UISupportedInterfaceOrientations_iPad = "UIInterfaceOrientationPortrait UIInterfaceOrientationPortraitUpsideDown UIInterfaceOrientationLandscapeLeft UIInterfaceOrientationLandscapeRight";
				INFOPLIST_KEY_UISupportedInterfaceOrientations_iPhone = "UIInterfaceOrientationPortrait UIInterfaceOrientationLandscapeLeft UIInterfaceOrientationLandscapeRight";
				LD_RUNPATH_SEARCH_PATHS = (
					"$(inherited)",
					"@executable_path/Frameworks",
				);
				MARKETING_VERSION = 1.0;
				PRODUCT_BUNDLE_IDENTIFIER = com.rohinmadhavan.PanopticAI;
				PRODUCT_NAME = "$(TARGET_NAME)";
				SWIFT_EMIT_LOC_STRINGS = YES;
				SWIFT_VERSION = 5.0;
				TARGETED_DEVICE_FAMILY = "1,2";
			};
			name = Debug;
		};
		9BF4439F2BEE5CDF001081EB /* Release */ = {
			isa = XCBuildConfiguration;
			baseConfigurationReference = 5DD56C5FB106737280F5B813 /* Pods-PanopticAI.release.xcconfig */;
			buildSettings = {
				ASSETCATALOG_COMPILER_APPICON_NAME = AppIcon;
				ASSETCATALOG_COMPILER_GLOBAL_ACCENT_COLOR_NAME = AccentColor;
				CODE_SIGN_STYLE = Automatic;
				CURRENT_PROJECT_VERSION = 1;
				DEVELOPMENT_TEAM = Q9T822S676;
				ENABLE_USER_SCRIPT_SANDBOXING = NO;
				GENERATE_INFOPLIST_FILE = YES;
				INFOPLIST_FILE = PanopticAI/Info.plist;
				INFOPLIST_KEY_NSCameraUsageDescription = "\"We need access to your camera to get the picture of the object\"";
				INFOPLIST_KEY_UIApplicationSupportsIndirectInputEvents = YES;
				INFOPLIST_KEY_UILaunchStoryboardName = LaunchScreen;
				INFOPLIST_KEY_UIMainStoryboardFile = Main;
				INFOPLIST_KEY_UISupportedInterfaceOrientations_iPad = "UIInterfaceOrientationPortrait UIInterfaceOrientationPortraitUpsideDown UIInterfaceOrientationLandscapeLeft UIInterfaceOrientationLandscapeRight";
				INFOPLIST_KEY_UISupportedInterfaceOrientations_iPhone = "UIInterfaceOrientationPortrait UIInterfaceOrientationLandscapeLeft UIInterfaceOrientationLandscapeRight";
				LD_RUNPATH_SEARCH_PATHS = (
					"$(inherited)",
					"@executable_path/Frameworks",
				);
				MARKETING_VERSION = 1.0;
				PRODUCT_BUNDLE_IDENTIFIER = com.rohinmadhavan.PanopticAI;
				PRODUCT_NAME = "$(TARGET_NAME)";
				SWIFT_EMIT_LOC_STRINGS = YES;
				SWIFT_VERSION = 5.0;
				TARGETED_DEVICE_FAMILY = "1,2";
			};
			name = Release;
		};
/* End XCBuildConfiguration section */

/* Begin XCConfigurationList section */
		9BF443842BEE5CDE001081EB /* Build configuration list for PBXProject "PanopticAI" */ = {
			isa = XCConfigurationList;
			buildConfigurations = (
				9BF4439B2BEE5CDF001081EB /* Debug */,
				9BF4439C2BEE5CDF001081EB /* Release */,
			);
			defaultConfigurationIsVisible = 0;
			defaultConfigurationName = Release;
		};
		9BF4439D2BEE5CDF001081EB /* Build configuration list for PBXNativeTarget "PanopticAI" */ = {
			isa = XCConfigurationList;
			buildConfigurations = (
				9BF4439E2BEE5CDF001081EB /* Debug */,
				9BF4439F2BEE5CDF001081EB /* Release */,
			);
			defaultConfigurationIsVisible = 0;
			defaultConfigurationName = Release;
		};
/* End XCConfigurationList section */
	};
	rootObject = 9BF443812BEE5CDE001081EB /* Project object */;
}
